# Generated by pub
# See http://pub.dartlang.org/doc/glossary.html#lockfile
packages:
  args:
    description: args
    source: hosted
    version: "0.11.0+1"
  collection:
    description: collection
    source: hosted
    version: "0.9.3+1"
  crypto:
    description: crypto
    source: hosted
    version: "0.9.0"
  json_object:
    description: json_object
    source: hosted
    version: "1.0.18+2"
  logging:
    description: logging
    source: hosted
    version: "0.9.1+1"
  matcher:
    description: matcher
    source: hosted
    version: "0.10.1+1"
  path:
    description: path
    source: hosted
    version: "1.2.1"
  postgres_adapter:
    description: postgres_adapter
    source: hosted
    version: "0.0.5"
  postgresql:
    description: postgresql
    source: hosted
    version: "0.2.13"
  stack_trace:
    description: stack_trace
    source: hosted
    version: "1.0.1"
  unittest:
    description: unittest
    source: hosted
    version: "0.11.0+2"
